// !$*UTF8*$!
{
	archiveVersion = 1;
	classes = {
	};
	objectVersion = 46;
	objects = {

/* Begin PBXBuildFile section */
		2AFA07B71EE16C9500B5221C /* AppDelegate.swift in Sources */ = {isa = PBXBuildFile; fileRef = 2AFA07B61EE16C9500B5221C /* AppDelegate.swift */; };
		2AFA07B91EE16C9500B5221C /* ViewController.swift in Sources */ = {isa = PBXBuildFile; fileRef = 2AFA07B81EE16C9500B5221C /* ViewController.swift */; };
		2AFA07BC1EE16C9500B5221C /* Main.storyboard in Resources */ = {isa = PBXBuildFile; fileRef = 2AFA07BA1EE16C9500B5221C /* Main.storyboard */; };
		2AFA07BE1EE16C9500B5221C /* Assets.xcassets in Resources */ = {isa = PBXBuildFile; fileRef = 2AFA07BD1EE16C9500B5221C /* Assets.xcassets */; };
		2AFA07C11EE16C9600B5221C /* LaunchScreen.storyboard in Resources */ = {isa = PBXBuildFile; fileRef = 2AFA07BF1EE16C9600B5221C /* LaunchScreen.storyboard */; };
		2AFA07CC1EE16C9600B5221C /* GalleryTests.swift in Sources */ = {isa = PBXBuildFile; fileRef = 2AFA07CB1EE16C9600B5221C /* GalleryTests.swift */; };
/* End PBXBuildFile section */

/* Begin PBXContainerItemProxy section */
		2AFA07C81EE16C9600B5221C /* PBXContainerItemProxy */ = {
			isa = PBXContainerItemProxy;
			containerPortal = 2AFA07AB1EE16C9500B5221C /* Project object */;
			proxyType = 1;
			remoteGlobalIDString = 2AFA07B21EE16C9500B5221C;
			remoteInfo = Gallery;
		};
/* End PBXContainerItemProxy section */

/* Begin PBXFileReference section */
		2AFA07B31EE16C9500B5221C /* Gallery.app */ = {isa = PBXFileReference; explicitFileType = wrapper.application; includeInIndex = 0; path = Gallery.app; sourceTree = BUILT_PRODUCTS_DIR; };
		2AFA07B61EE16C9500B5221C /* AppDelegate.swift */ = {isa = PBXFileReference; lastKnownFileType = sourcecode.swift; path = AppDelegate.swift; sourceTree = "<group>"; };
		2AFA07B81EE16C9500B5221C /* ViewController.swift */ = {isa = PBXFileReference; lastKnownFileType = sourcecode.swift; path = ViewController.swift; sourceTree = "<group>"; };
		2AFA07BB1EE16C9500B5221C /* Base */ = {isa = PBXFileReference; lastKnownFileType = file.storyboard; name = Base; path = Base.lproj/Main.storyboard; sourceTree = "<group>"; };
		2AFA07BD1EE16C9500B5221C /* Assets.xcassets */ = {isa = PBXFileReference; lastKnownFileType = folder.assetcatalog; path = Assets.xcassets; sourceTree = "<group>"; };
		2AFA07C01EE16C9600B5221C /* Base */ = {isa = PBXFileReference; lastKnownFileType = file.storyboard; name = Base; path = Base.lproj/LaunchScreen.storyboard; sourceTree = "<group>"; };
		2AFA07C21EE16C9600B5221C /* Info.plist */ = {isa = PBXFileReference; lastKnownFileType = text.plist.xml; path = Info.plist; sourceTree = "<group>"; };
		2AFA07C71EE16C9600B5221C /* GalleryTests.xctest */ = {isa = PBXFileReference; explicitFileType = wrapper.cfbundle; includeInIndex = 0; path = GalleryTests.xctest; sourceTree = BUILT_PRODUCTS_DIR; };
		2AFA07CB1EE16C9600B5221C /* GalleryTests.swift */ = {isa = PBXFileReference; lastKnownFileType = sourcecode.swift; path = GalleryTests.swift; sourceTree = "<group>"; };
		2AFA07CD1EE16C9600B5221C /* Info.plist */ = {isa = PBXFileReference; lastKnownFileType = text.plist.xml; path = Info.plist; sourceTree = "<group>"; };
/* End PBXFileReference section */

/* Begin PBXFrameworksBuildPhase section */
		2AFA07B01EE16C9500B5221C /* Frameworks */ = {
			isa = PBXFrameworksBuildPhase;
			buildActionMask = 2147483647;
			files = (
			);
			runOnlyForDeploymentPostprocessing = 0;
		};
		2AFA07C41EE16C9600B5221C /* Frameworks */ = {
			isa = PBXFrameworksBuildPhase;
			buildActionMask = 2147483647;
			files = (
			);
			runOnlyForDeploymentPostprocessing = 0;
		};
/* End PBXFrameworksBuildPhase section */

/* Begin PBXGroup section */
		2AFA07AA1EE16C9500B5221C = {
			isa = PBXGroup;
			children = (
				2AFA07B51EE16C9500B5221C /* Gallery */,
				2AFA07CA1EE16C9600B5221C /* GalleryTests */,
				2AFA07B41EE16C9500B5221C /* Products */,
			);
			sourceTree = "<group>";
		};
		2AFA07B41EE16C9500B5221C /* Products */ = {
			isa = PBXGroup;
			children = (
				2AFA07B31EE16C9500B5221C /* Gallery.app */,
				2AFA07C71EE16C9600B5221C /* GalleryTests.xctest */,
			);
			name = Products;
			sourceTree = "<group>";
		};
		2AFA07B51EE16C9500B5221C /* Gallery */ = {
			isa = PBXGroup;
			children = (
				2AFA07B61EE16C9500B5221C /* AppDelegate.swift */,
				2AFA07B81EE16C9500B5221C /* ViewController.swift */,
				2AFA07BA1EE16C9500B5221C /* Main.storyboard */,
				2AFA07BD1EE16C9500B5221C /* Assets.xcassets */,
				2AFA07BF1EE16C9600B5221C /* LaunchScreen.storyboard */,
				2AFA07C21EE16C9600B5221C /* Info.plist */,
			);
			path = Gallery;
			sourceTree = "<group>";
		};
		2AFA07CA1EE16C9600B5221C /* GalleryTests */ = {
			isa = PBXGroup;
			children = (
				2AFA07CB1EE16C9600B5221C /* GalleryTests.swift */,
				2AFA07CD1EE16C9600B5221C /* Info.plist */,
			);
			path = GalleryTests;
			sourceTree = "<group>";
		};
/* End PBXGroup section */

/* Begin PBXNativeTarget section */
		2AFA07B21EE16C9500B5221C /* Gallery */ = {
			isa = PBXNativeTarget;
			buildConfigurationList = 2AFA07D01EE16C9600B5221C /* Build configuration list for PBXNativeTarget "Gallery" */;
			buildPhases = (
				2AFA07AF1EE16C9500B5221C /* Sources */,
				2AFA07B01EE16C9500B5221C /* Frameworks */,
				2AFA07B11EE16C9500B5221C /* Resources */,
			);
			buildRules = (
			);
			dependencies = (
			);
			name = Gallery;
			productName = Gallery;
			productReference = 2AFA07B31EE16C9500B5221C /* Gallery.app */;
			productType = "com.apple.product-type.application";
		};
		2AFA07C61EE16C9600B5221C /* GalleryTests */ = {
			isa = PBXNativeTarget;
			buildConfigurationList = 2AFA07D31EE16C9600B5221C /* Build configuration list for PBXNativeTarget "GalleryTests" */;
			buildPhases = (
				2AFA07C31EE16C9600B5221C /* Sources */,
				2AFA07C41EE16C9600B5221C /* Frameworks */,
				2AFA07C51EE16C9600B5221C /* Resources */,
			);
			buildRules = (
			);
			dependencies = (
				2AFA07C91EE16C9600B5221C /* PBXTargetDependency */,
			);
			name = GalleryTests;
			productName = GalleryTests;
			productReference = 2AFA07C71EE16C9600B5221C /* GalleryTests.xctest */;
			productType = "com.apple.product-type.bundle.unit-test";
		};
/* End PBXNativeTarget section */

/* Begin PBXProject section */
		2AFA07AB1EE16C9500B5221C /* Project object */ = {
			isa = PBXProject;
			attributes = {
				LastSwiftUpdateCheck = 0830;
				LastUpgradeCheck = 0830;
				ORGANIZATIONNAME = "Anubhav Patrick";
				TargetAttributes = {
					2AFA07B21EE16C9500B5221C = {
						CreatedOnToolsVersion = 8.3.2;
						ProvisioningStyle = Automatic;
					};
					2AFA07C61EE16C9600B5221C = {
						CreatedOnToolsVersion = 8.3.2;
						ProvisioningStyle = Automatic;
						TestTargetID = 2AFA07B21EE16C9500B5221C;
					};
				};
			};
			buildConfigurationList = 2AFA07AE1EE16C9500B5221C /* Build configuration list for PBXProject "Gallery" */;
			compatibilityVersion = "Xcode 3.2";
			developmentRegion = English;
			hasScannedForEncodings = 0;
			knownRegions = (
				en,
				Base,
			);
			mainGroup = 2AFA07AA1EE16C9500B5221C;
			productRefGroup = 2AFA07B41EE16C9500B5221C /* Products */;
			projectDirPath = "";
			projectRoot = "";
			targets = (
				2AFA07B21EE16C9500B5221C /* Gallery */,
				2AFA07C61EE16C9600B5221C /* GalleryTests */,
			);
		};
/* End PBXProject section */

/* Begin PBXResourcesBuildPhase section */
		2AFA07B11EE16C9500B5221C /* Resources */ = {
			isa = PBXResourcesBuildPhase;
			buildActionMask = 2147483647;
			files = (
				2AFA07C11EE16C9600B5221C /* LaunchScreen.storyboard in Resources */,
				2AFA07BE1EE16C9500B5221C /* Assets.xcassets in Resources */,
				2AFA07BC1EE16C9500B5221C /* Main.storyboard in Resources */,
			);
			runOnlyForDeploymentPostprocessing = 0;
		};
		2AFA07C51EE16C9600B5221C /* Resources */ = {
			isa = PBXResourcesBuildPhase;
			buildActionMask = 2147483647;
			files = (
			);
			runOnlyForDeploymentPostprocessing = 0;
		};
/* End PBXResourcesBuildPhase section */

/* Begin PBXSourcesBuildPhase section */
		2AFA07AF1EE16C9500B5221C /* Sources */ = {
			isa = PBXSourcesBuildPhase;
			buildActionMask = 2147483647;
			files = (
				2AFA07B91EE16C9500B5221C /* ViewController.swift in Sources */,
				2AFA07B71EE16C9500B5221C /* AppDelegate.swift in Sources */,
			);
			runOnlyForDeploymentPostprocessing = 0;
		};
		2AFA07C31EE16C9600B5221C /* Sources */ = {
			isa = PBXSourcesBuildPhase;
			buildActionMask = 2147483647;
			files = (
				2AFA07CC1EE16C9600B5221C /* GalleryTests.swift in Sources */,
			);
			runOnlyForDeploymentPostprocessing = 0;
		};
/* End PBXSourcesBuildPhase section */

/* Begin PBXTargetDependency section */
		2AFA07C91EE16C9600B5221C /* PBXTargetDependency */ = {
			isa = PBXTargetDependency;
			target = 2AFA07B21EE16C9500B5221C /* Gallery */;
			targetProxy = 2AFA07C81EE16C9600B5221C /* PBXContainerItemProxy */;
		};
/* End PBXTargetDependency section */

/* Begin PBXVariantGroup section */
		2AFA07BA1EE16C9500B5221C /* Main.storyboard */ = {
			isa = PBXVariantGroup;
			children = (
				2AFA07BB1EE16C9500B5221C /* Base */,
			);
			name = Main.storyboard;
			sourceTree = "<group>";
		};
		2AFA07BF1EE16C9600B5221C /* LaunchScreen.storyboard */ = {
			isa = PBXVariantGroup;
			children = (
				2AFA07C01EE16C9600B5221C /* Base */,
			);
			name = LaunchScreen.storyboard;
			sourceTree = "<group>";
		};
/* End PBXVariantGroup section */

/* Begin XCBuildConfiguration section */
		2AFA07CE1EE16C9600B5221C /* Debug */ = {
			isa = XCBuildConfiguration;
			buildSettings = {
				ALWAYS_SEARCH_USER_PATHS = NO;
				CLANG_ANALYZER_NONNULL = YES;
				CLANG_ANALYZER_NUMBER_OBJECT_CONVERSION = YES_AGGRESSIVE;
				CLANG_CXX_LANGUAGE_STANDARD = "gnu++0x";
				CLANG_CXX_LIBRARY = "libc++";
				CLANG_ENABLE_MODULES = YES;
				CLANG_ENABLE_OBJC_ARC = YES;
				CLANG_WARN_BOOL_CONVERSION = YES;
				CLANG_WARN_CONSTANT_CONVERSION = YES;
				CLANG_WARN_DIRECT_OBJC_ISA_USAGE = YES_ERROR;
				CLANG_WARN_DOCUMENTATION_COMMENTS = YES;
				CLANG_WARN_EMPTY_BODY = YES;
				CLANG_WARN_ENUM_CONVERSION = YES;
				CLANG_WARN_INFINITE_RECURSION = YES;
				CLANG_WARN_INT_CONVERSION = YES;
				CLANG_WARN_OBJC_ROOT_CLASS = YES_ERROR;
				CLANG_WARN_SUSPICIOUS_MOVE = YES;
				CLANG_WARN_UNREACHABLE_CODE = YES;
				CLANG_WARN__DUPLICATE_METHOD_MATCH = YES;
				"CODE_SIGN_IDENTITY[sdk=iphoneos*]" = "iPhone Developer";
				COPY_PHASE_STRIP = NO;
				DEBUG_INFORMATION_FORMAT = dwarf;
				ENABLE_STRICT_OBJC_MSGSEND = YES;
				ENABLE_TESTABILITY = YES;
				GCC_C_LANGUAGE_STANDARD = gnu99;
				GCC_DYNAMIC_NO_PIC = NO;
				GCC_NO_COMMON_BLOCKS = YES;
				GCC_OPTIMIZATION_LEVEL = 0;
				GCC_PREPROCESSOR_DEFINITIONS = (
					"DEBUG=1",
					"$(inherited)",
				);
				GCC_WARN_64_TO_32_BIT_CONVERSION = YES;
				GCC_WARN_ABOUT_RETURN_TYPE = YES_ERROR;
				GCC_WARN_UNDECLARED_SELECTOR = YES;
				GCC_WARN_UNINITIALIZED_AUTOS = YES_AGGRESSIVE;
				GCC_WARN_UNUSED_FUNCTION = YES;
				GCC_WARN_UNUSED_VARIABLE = YES;
				IPHONEOS_DEPLOYMENT_TARGET = 10.3;
				MTL_ENABLE_DEBUG_INFO = YES;
				ONLY_ACTIVE_ARCH = YES;
				SDKROOT = iphoneos;
				SWIFT_ACTIVE_COMPILATION_CONDITIONS = DEBUG;
				SWIFT_OPTIMIZATION_LEVEL = "-Onone";
				TARGETED_DEVICE_FAMILY = "1,2";
			};
			name = Debug;
		};
		2AFA07CF1EE16C9600B5221C /* Release */ = {
			isa = XCBuildConfiguration;
			buildSettings = {
				ALWAYS_SEARCH_USER_PATHS = NO;
				CLANG_ANALYZER_NONNULL = YES;
				CLANG_ANALYZER_NUMBER_OBJECT_CONVERSION = YES_AGGRESSIVE;
				CLANG_CXX_LANGUAGE_STANDARD = "gnu++0x";
				CLANG_CXX_LIBRARY = "libc++";
				CLANG_ENABLE_MODULES = YES;
				CLANG_ENABLE_OBJC_ARC = YES;
				CLANG_WARN_BOOL_CONVERSION = YES;
				CLANG_WARN_CONSTANT_CONVERSION = YES;
				CLANG_WARN_DIRECT_OBJC_ISA_USAGE = YES_ERROR;
				CLANG_WARN_DOCUMENTATION_COMMENTS = YES;
				CLANG_WARN_EMPTY_BODY = YES;
				CLANG_WARN_ENUM_CONVERSION = YES;
				CLANG_WARN_INFINITE_RECURSION = YES;
				CLANG_WARN_INT_CONVERSION = YES;
				CLANG_WARN_OBJC_ROOT_CLASS = YES_ERROR;
				CLANG_WARN_SUSPICIOUS_MOVE = YES;
				CLANG_WARN_UNREACHABLE_CODE = YES;
				CLANG_WARN__DUPLICATE_METHOD_MATCH = YES;
				"CODE_SIGN_IDENTITY[sdk=iphoneos*]" = "iPhone Developer";
				COPY_PHASE_STRIP = NO;
				DEBUG_INFORMATION_FORMAT = "dwarf-with-dsym";
				ENABLE_NS_ASSERTIONS = NO;
				ENABLE_STRICT_OBJC_MSGSEND = YES;
				GCC_C_LANGUAGE_STANDARD = gnu99;
				GCC_NO_COMMON_BLOCKS = YES;
				GCC_WARN_64_TO_32_BIT_CONVERSION = YES;
				GCC_WARN_ABOUT_RETURN_TYPE = YES_ERROR;
				GCC_WARN_UNDECLARED_SELECTOR = YES;
				GCC_WARN_UNINITIALIZED_AUTOS = YES_AGGRESSIVE;
				GCC_WARN_UNUSED_FUNCTION = YES;
				GCC_WARN_UNUSED_VARIABLE = YES;
				IPHONEOS_DEPLOYMENT_TARGET = 10.3;
				MTL_ENABLE_DEBUG_INFO = NO;
				SDKROOT = iphoneos;
				SWIFT_OPTIMIZATION_LEVEL = "-Owholemodule";
				TARGETED_DEVICE_FAMILY = "1,2";
				VALIDATE_PRODUCT = YES;
			};
			name = Release;
		};
		2AFA07D11EE16C9600B5221C /* Debug */ = {
			isa = XCBuildConfiguration;
			buildSettings = {
				ASSETCATALOG_COMPILER_APPICON_NAME = AppIcon;
				INFOPLIST_FILE = Gallery/Info.plist;
				LD_RUNPATH_SEARCH_PATHS = "$(inherited) @executable_path/Frameworks";
				PRODUCT_BUNDLE_IDENTIFIER = KIET.Gallery;
				PRODUCT_NAME = "$(TARGET_NAME)";
				SWIFT_VERSION = 3.0;
			};
			name = Debug;
		};
		2AFA07D21EE16C9600B5221C /* Release */ = {
			isa = XCBuildConfiguration;
			buildSettings = {
				ASSETCATALOG_COMPILER_APPICON_NAME = AppIcon;
				INFOPLIST_FILE = Gallery/Info.plist;
				LD_RUNPATH_SEARCH_PATHS = "$(inherited) @executable_path/Frameworks";
				PRODUCT_BUNDLE_IDENTIFIER = KIET.Gallery;
				PRODUCT_NAME = "$(TARGET_NAME)";
				SWIFT_VERSION = 3.0;
			};
			name = Release;
		};
		2AFA07D41EE16C9600B5221C /* Debug */ = {
			isa = XCBuildConfiguration;
			buildSettings = {
				ALWAYS_EMBED_SWIFT_STANDARD_LIBRARIES = YES;
				BUNDLE_LOADER = "$(TEST_HOST)";
				INFOPLIST_FILE = GalleryTests/Info.plist;
				LD_RUNPATH_SEARCH_PATHS = "$(inherited) @executable_path/Frameworks @loader_path/Frameworks";
				PRODUCT_BUNDLE_IDENTIFIER = KIET.GalleryTests;
				PRODUCT_NAME = "$(TARGET_NAME)";
				SWIFT_VERSION = 3.0;
				TEST_HOST = "$(BUILT_PRODUCTS_DIR)/Gallery.app/Gallery";
			};
			name = Debug;
		};
		2AFA07D51EE16C9600B5221C /* Release */ = {
			isa = XCBuildConfiguration;
			buildSettings = {
				ALWAYS_EMBED_SWIFT_STANDARD_LIBRARIES = YES;
				BUNDLE_LOADER = "$(TEST_HOST)";
				INFOPLIST_FILE = GalleryTests/Info.plist;
				LD_RUNPATH_SEARCH_PATHS = "$(inherited) @executable_path/Frameworks @loader_path/Frameworks";
				PRODUCT_BUNDLE_IDENTIFIER = KIET.GalleryTests;
				PRODUCT_NAME = "$(TARGET_NAME)";
				SWIFT_VERSION = 3.0;
				TEST_HOST = "$(BUILT_PRODUCTS_DIR)/Gallery.app/Gallery";
			};
			name = Release;
		};
/* End XCBuildConfiguration section */

/* Begin XCConfigurationList section */
		2AFA07AE1EE16C9500B5221C /* Build configuration list for PBXProject "Gallery" */ = {
			isa = XCConfigurationList;
			buildConfigurations = (
				2AFA07CE1EE16C9600B5221C /* Debug */,
				2AFA07CF1EE16C9600B5221C /* Release */,
			);
			defaultConfigurationIsVisible = 0;
			defaultConfigurationName = Release;
		};
		2AFA07D01EE16C9600B5221C /* Build configuration list for PBXNativeTarget "Gallery" */ = {
			isa = XCConfigurationList;
			buildConfigurations = (
				2AFA07D11EE16C9600B5221C /* Debug */,
				2AFA07D21EE16C9600B5221C /* Release */,
			);
			defaultConfigurationIsVisible = 0;
		};
		2AFA07D31EE16C9600B5221C /* Build configuration list for PBXNativeTarget "GalleryTests" */ = {
			isa = XCConfigurationList;
			buildConfigurations = (
				2AFA07D41EE16C9600B5221C /* Debug */,
				2AFA07D51EE16C9600B5221C /* Release */,
			);
			defaultConfigurationIsVisible = 0;
		};
/* End XCConfigurationList section */
	};
	rootObject = 2AFA07AB1EE16C9500B5221C /* Project object */;
}
