// !$*UTF8*$!
{
	archiveVersion = 1;
	classes = {
	};
	objectVersion = 46;
	objects = {

/* Begin PBXBuildFile section */
		2A8C6F651F1806D7004A9AF4 /* AppDelegate.swift in Sources */ = {isa = PBXBuildFile; fileRef = 2A8C6F641F1806D7004A9AF4 /* AppDelegate.swift */; };
		2A8C6F6A1F1806D7004A9AF4 /* Main.storyboard in Resources */ = {isa = PBXBuildFile; fileRef = 2A8C6F681F1806D7004A9AF4 /* Main.storyboard */; };
		2A8C6F6C1F1806D7004A9AF4 /* Assets.xcassets in Resources */ = {isa = PBXBuildFile; fileRef = 2A8C6F6B1F1806D7004A9AF4 /* Assets.xcassets */; };
		2A8C6F6F1F1806D7004A9AF4 /* LaunchScreen.storyboard in Resources */ = {isa = PBXBuildFile; fileRef = 2A8C6F6D1F1806D7004A9AF4 /* LaunchScreen.storyboard */; };
		2A8C6F771F18083A004A9AF4 /* RestaurantTableViewController.swift in Sources */ = {isa = PBXBuildFile; fileRef = 2A8C6F761F18083A004A9AF4 /* RestaurantTableViewController.swift */; };
		2A8C6F791F18BB41004A9AF4 /* RestaurantTableViewCell.swift in Sources */ = {isa = PBXBuildFile; fileRef = 2A8C6F781F18BB41004A9AF4 /* RestaurantTableViewCell.swift */; };
/* End PBXBuildFile section */

/* Begin PBXFileReference section */
		2A8C6F611F1806D7004A9AF4 /* FoodPin.app */ = {isa = PBXFileReference; explicitFileType = wrapper.application; includeInIndex = 0; path = FoodPin.app; sourceTree = BUILT_PRODUCTS_DIR; };
		2A8C6F641F1806D7004A9AF4 /* AppDelegate.swift */ = {isa = PBXFileReference; lastKnownFileType = sourcecode.swift; path = AppDelegate.swift; sourceTree = "<group>"; };
		2A8C6F691F1806D7004A9AF4 /* Base */ = {isa = PBXFileReference; lastKnownFileType = file.storyboard; name = Base; path = Base.lproj/Main.storyboard; sourceTree = "<group>"; };
		2A8C6F6B1F1806D7004A9AF4 /* Assets.xcassets */ = {isa = PBXFileReference; lastKnownFileType = folder.assetcatalog; path = Assets.xcassets; sourceTree = "<group>"; };
		2A8C6F6E1F1806D7004A9AF4 /* Base */ = {isa = PBXFileReference; lastKnownFileType = file.storyboard; name = Base; path = Base.lproj/LaunchScreen.storyboard; sourceTree = "<group>"; };
		2A8C6F701F1806D7004A9AF4 /* Info.plist */ = {isa = PBXFileReference; lastKnownFileType = text.plist.xml; path = Info.plist; sourceTree = "<group>"; };
		2A8C6F761F18083A004A9AF4 /* RestaurantTableViewController.swift */ = {isa = PBXFileReference; fileEncoding = 4; lastKnownFileType = sourcecode.swift; path = RestaurantTableViewController.swift; sourceTree = "<group>"; };
		2A8C6F781F18BB41004A9AF4 /* RestaurantTableViewCell.swift */ = {isa = PBXFileReference; fileEncoding = 4; lastKnownFileType = sourcecode.swift; path = RestaurantTableViewCell.swift; sourceTree = "<group>"; };
/* End PBXFileReference section */

/* Begin PBXFrameworksBuildPhase section */
		2A8C6F5E1F1806D7004A9AF4 /* Frameworks */ = {
			isa = PBXFrameworksBuildPhase;
			buildActionMask = 2147483647;
			files = (
			);
			runOnlyForDeploymentPostprocessing = 0;
		};
/* End PBXFrameworksBuildPhase section */

/* Begin PBXGroup section */
		2A8C6F581F1806D7004A9AF4 = {
			isa = PBXGroup;
			children = (
				2A8C6F631F1806D7004A9AF4 /* FoodPin */,
				2A8C6F621F1806D7004A9AF4 /* Products */,
			);
			sourceTree = "<group>";
		};
		2A8C6F621F1806D7004A9AF4 /* Products */ = {
			isa = PBXGroup;
			children = (
				2A8C6F611F1806D7004A9AF4 /* FoodPin.app */,
			);
			name = Products;
			sourceTree = "<group>";
		};
		2A8C6F631F1806D7004A9AF4 /* FoodPin */ = {
			isa = PBXGroup;
			children = (
				2A8C6F641F1806D7004A9AF4 /* AppDelegate.swift */,
				2A8C6F681F1806D7004A9AF4 /* Main.storyboard */,
				2A8C6F781F18BB41004A9AF4 /* RestaurantTableViewCell.swift */,
				2A8C6F761F18083A004A9AF4 /* RestaurantTableViewController.swift */,
				2A8C6F6B1F1806D7004A9AF4 /* Assets.xcassets */,
				2A8C6F6D1F1806D7004A9AF4 /* LaunchScreen.storyboard */,
				2A8C6F701F1806D7004A9AF4 /* Info.plist */,
			);
			path = FoodPin;
			sourceTree = "<group>";
		};
/* End PBXGroup section */

/* Begin PBXNativeTarget section */
		2A8C6F601F1806D7004A9AF4 /* FoodPin */ = {
			isa = PBXNativeTarget;
			buildConfigurationList = 2A8C6F731F1806D7004A9AF4 /* Build configuration list for PBXNativeTarget "FoodPin" */;
			buildPhases = (
				2A8C6F5D1F1806D7004A9AF4 /* Sources */,
				2A8C6F5E1F1806D7004A9AF4 /* Frameworks */,
				2A8C6F5F1F1806D7004A9AF4 /* Resources */,
			);
			buildRules = (
			);
			dependencies = (
			);
			name = FoodPin;
			productName = FoodPin;
			productReference = 2A8C6F611F1806D7004A9AF4 /* FoodPin.app */;
			productType = "com.apple.product-type.application";
		};
/* End PBXNativeTarget section */

/* Begin PBXProject section */
		2A8C6F591F1806D7004A9AF4 /* Project object */ = {
			isa = PBXProject;
			attributes = {
				LastSwiftUpdateCheck = 0830;
				LastUpgradeCheck = 0830;
				ORGANIZATIONNAME = "Anubhav Patrick";
				TargetAttributes = {
					2A8C6F601F1806D7004A9AF4 = {
						CreatedOnToolsVersion = 8.3.3;
						DevelopmentTeam = 58T4VP7QMB;
						ProvisioningStyle = Automatic;
					};
				};
			};
			buildConfigurationList = 2A8C6F5C1F1806D7004A9AF4 /* Build configuration list for PBXProject "FoodPin" */;
			compatibilityVersion = "Xcode 3.2";
			developmentRegion = English;
			hasScannedForEncodings = 0;
			knownRegions = (
				en,
				Base,
			);
			mainGroup = 2A8C6F581F1806D7004A9AF4;
			productRefGroup = 2A8C6F621F1806D7004A9AF4 /* Products */;
			projectDirPath = "";
			projectRoot = "";
			targets = (
				2A8C6F601F1806D7004A9AF4 /* FoodPin */,
			);
		};
/* End PBXProject section */

/* Begin PBXResourcesBuildPhase section */
		2A8C6F5F1F1806D7004A9AF4 /* Resources */ = {
			isa = PBXResourcesBuildPhase;
			buildActionMask = 2147483647;
			files = (
				2A8C6F6F1F1806D7004A9AF4 /* LaunchScreen.storyboard in Resources */,
				2A8C6F6C1F1806D7004A9AF4 /* Assets.xcassets in Resources */,
				2A8C6F6A1F1806D7004A9AF4 /* Main.storyboard in Resources */,
			);
			runOnlyForDeploymentPostprocessing = 0;
		};
/* End PBXResourcesBuildPhase section */

/* Begin PBXSourcesBuildPhase section */
		2A8C6F5D1F1806D7004A9AF4 /* Sources */ = {
			isa = PBXSourcesBuildPhase;
			buildActionMask = 2147483647;
			files = (
				2A8C6F651F1806D7004A9AF4 /* AppDelegate.swift in Sources */,
				2A8C6F791F18BB41004A9AF4 /* RestaurantTableViewCell.swift in Sources */,
				2A8C6F771F18083A004A9AF4 /* RestaurantTableViewController.swift in Sources */,
			);
			runOnlyForDeploymentPostprocessing = 0;
		};
/* End PBXSourcesBuildPhase section */

/* Begin PBXVariantGroup section */
		2A8C6F681F1806D7004A9AF4 /* Main.storyboard */ = {
			isa = PBXVariantGroup;
			children = (
				2A8C6F691F1806D7004A9AF4 /* Base */,
			);
			name = Main.storyboard;
			sourceTree = "<group>";
		};
		2A8C6F6D1F1806D7004A9AF4 /* LaunchScreen.storyboard */ = {
			isa = PBXVariantGroup;
			children = (
				2A8C6F6E1F1806D7004A9AF4 /* Base */,
			);
			name = LaunchScreen.storyboard;
			sourceTree = "<group>";
		};
/* End PBXVariantGroup section */

/* Begin XCBuildConfiguration section */
		2A8C6F711F1806D7004A9AF4 /* Debug */ = {
			isa = XCBuildConfiguration;
			buildSettings = {
				ALWAYS_SEARCH_USER_PATHS = NO;
				CLANG_ANALYZER_NONNULL = YES;
				CLANG_ANALYZER_NUMBER_OBJECT_CONVERSION = YES_AGGRESSIVE;
				CLANG_CXX_LANGUAGE_STANDARD = "gnu++0x";
				CLANG_CXX_LIBRARY = "libc++";
				CLANG_ENABLE_MODULES = YES;
				CLANG_ENABLE_OBJC_ARC = YES;
				CLANG_WARN_BOOL_CONVERSION = YES;
				CLANG_WARN_CONSTANT_CONVERSION = YES;
				CLANG_WARN_DIRECT_OBJC_ISA_USAGE = YES_ERROR;
				CLANG_WARN_DOCUMENTATION_COMMENTS = YES;
				CLANG_WARN_EMPTY_BODY = YES;
				CLANG_WARN_ENUM_CONVERSION = YES;
				CLANG_WARN_INFINITE_RECURSION = YES;
				CLANG_WARN_INT_CONVERSION = YES;
				CLANG_WARN_OBJC_ROOT_CLASS = YES_ERROR;
				CLANG_WARN_SUSPICIOUS_MOVE = YES;
				CLANG_WARN_UNREACHABLE_CODE = YES;
				CLANG_WARN__DUPLICATE_METHOD_MATCH = YES;
				"CODE_SIGN_IDENTITY[sdk=iphoneos*]" = "iPhone Developer";
				COPY_PHASE_STRIP = NO;
				DEBUG_INFORMATION_FORMAT = dwarf;
				ENABLE_STRICT_OBJC_MSGSEND = YES;
				ENABLE_TESTABILITY = YES;
				GCC_C_LANGUAGE_STANDARD = gnu99;
				GCC_DYNAMIC_NO_PIC = NO;
				GCC_NO_COMMON_BLOCKS = YES;
				GCC_OPTIMIZATION_LEVEL = 0;
				GCC_PREPROCESSOR_DEFINITIONS = (
					"DEBUG=1",
					"$(inherited)",
				);
				GCC_WARN_64_TO_32_BIT_CONVERSION = YES;
				GCC_WARN_ABOUT_RETURN_TYPE = YES_ERROR;
				GCC_WARN_UNDECLARED_SELECTOR = YES;
				GCC_WARN_UNINITIALIZED_AUTOS = YES_AGGRESSIVE;
				GCC_WARN_UNUSED_FUNCTION = YES;
				GCC_WARN_UNUSED_VARIABLE = YES;
				IPHONEOS_DEPLOYMENT_TARGET = 10.3;
				MTL_ENABLE_DEBUG_INFO = YES;
				ONLY_ACTIVE_ARCH = YES;
				SDKROOT = iphoneos;
				SWIFT_ACTIVE_COMPILATION_CONDITIONS = DEBUG;
				SWIFT_OPTIMIZATION_LEVEL = "-Onone";
			};
			name = Debug;
		};
		2A8C6F721F1806D7004A9AF4 /* Release */ = {
			isa = XCBuildConfiguration;
			buildSettings = {
				ALWAYS_SEARCH_USER_PATHS = NO;
				CLANG_ANALYZER_NONNULL = YES;
				CLANG_ANALYZER_NUMBER_OBJECT_CONVERSION = YES_AGGRESSIVE;
				CLANG_CXX_LANGUAGE_STANDARD = "gnu++0x";
				CLANG_CXX_LIBRARY = "libc++";
				CLANG_ENABLE_MODULES = YES;
				CLANG_ENABLE_OBJC_ARC = YES;
				CLANG_WARN_BOOL_CONVERSION = YES;
				CLANG_WARN_CONSTANT_CONVERSION = YES;
				CLANG_WARN_DIRECT_OBJC_ISA_USAGE = YES_ERROR;
				CLANG_WARN_DOCUMENTATION_COMMENTS = YES;
				CLANG_WARN_EMPTY_BODY = YES;
				CLANG_WARN_ENUM_CONVERSION = YES;
				CLANG_WARN_INFINITE_RECURSION = YES;
				CLANG_WARN_INT_CONVERSION = YES;
				CLANG_WARN_OBJC_ROOT_CLASS = YES_ERROR;
				CLANG_WARN_SUSPICIOUS_MOVE = YES;
				CLANG_WARN_UNREACHABLE_CODE = YES;
				CLANG_WARN__DUPLICATE_METHOD_MATCH = YES;
				"CODE_SIGN_IDENTITY[sdk=iphoneos*]" = "iPhone Developer";
				COPY_PHASE_STRIP = NO;
				DEBUG_INFORMATION_FORMAT = "dwarf-with-dsym";
				ENABLE_NS_ASSERTIONS = NO;
				ENABLE_STRICT_OBJC_MSGSEND = YES;
				GCC_C_LANGUAGE_STANDARD = gnu99;
				GCC_NO_COMMON_BLOCKS = YES;
				GCC_WARN_64_TO_32_BIT_CONVERSION = YES;
				GCC_WARN_ABOUT_RETURN_TYPE = YES_ERROR;
				GCC_WARN_UNDECLARED_SELECTOR = YES;
				GCC_WARN_UNINITIALIZED_AUTOS = YES_AGGRESSIVE;
				GCC_WARN_UNUSED_FUNCTION = YES;
				GCC_WARN_UNUSED_VARIABLE = YES;
				IPHONEOS_DEPLOYMENT_TARGET = 10.3;
				MTL_ENABLE_DEBUG_INFO = NO;
				SDKROOT = iphoneos;
				SWIFT_OPTIMIZATION_LEVEL = "-Owholemodule";
				VALIDATE_PRODUCT = YES;
			};
			name = Release;
		};
		2A8C6F741F1806D7004A9AF4 /* Debug */ = {
			isa = XCBuildConfiguration;
			buildSettings = {
				ASSETCATALOG_COMPILER_APPICON_NAME = AppIcon;
				DEVELOPMENT_TEAM = 58T4VP7QMB;
				INFOPLIST_FILE = FoodPin/Info.plist;
				LD_RUNPATH_SEARCH_PATHS = "$(inherited) @executable_path/Frameworks";
				PRODUCT_BUNDLE_IDENTIFIER = KIET.FoodPin;
				PRODUCT_NAME = "$(TARGET_NAME)";
				SWIFT_VERSION = 3.0;
			};
			name = Debug;
		};
		2A8C6F751F1806D7004A9AF4 /* Release */ = {
			isa = XCBuildConfiguration;
			buildSettings = {
				ASSETCATALOG_COMPILER_APPICON_NAME = AppIcon;
				DEVELOPMENT_TEAM = 58T4VP7QMB;
				INFOPLIST_FILE = FoodPin/Info.plist;
				LD_RUNPATH_SEARCH_PATHS = "$(inherited) @executable_path/Frameworks";
				PRODUCT_BUNDLE_IDENTIFIER = KIET.FoodPin;
				PRODUCT_NAME = "$(TARGET_NAME)";
				SWIFT_VERSION = 3.0;
			};
			name = Release;
		};
/* End XCBuildConfiguration section */

/* Begin XCConfigurationList section */
		2A8C6F5C1F1806D7004A9AF4 /* Build configuration list for PBXProject "FoodPin" */ = {
			isa = XCConfigurationList;
			buildConfigurations = (
				2A8C6F711F1806D7004A9AF4 /* Debug */,
				2A8C6F721F1806D7004A9AF4 /* Release */,
			);
			defaultConfigurationIsVisible = 0;
			defaultConfigurationName = Release;
		};
		2A8C6F731F1806D7004A9AF4 /* Build configuration list for PBXNativeTarget "FoodPin" */ = {
			isa = XCConfigurationList;
			buildConfigurations = (
				2A8C6F741F1806D7004A9AF4 /* Debug */,
				2A8C6F751F1806D7004A9AF4 /* Release */,
			);
			defaultConfigurationIsVisible = 0;
		};
/* End XCConfigurationList section */
	};
	rootObject = 2A8C6F591F1806D7004A9AF4 /* Project object */;
}
